
Microsoft Visual Studio Solution File, Format Version 12.00
# Visual Studio 15
VisualStudioVersion = 15.0.28307.421
MinimumVisualStudioVersion = 10.0.40219.1
Project("{9A19103F-16F7-4668-BE54-9A1E7A4F7556}") = "TripleAGame", "TripleAGame\TripleAGame.csproj", "{93B99834-80F9-4EE1-AEDB-D4D0A614CB15}"
EndProject
Global
	GlobalSection(SolutionConfigurationPlatforms) = preSolution
		Debug|Any CPU = Debug|Any CPU
		Release|Any CPU = Release|Any CPU
	EndGlobalSection
	GlobalSection(ProjectConfigurationPlatforms) = postSolution
		{93B99834-80F9-4EE1-AEDB-D4D0A614CB15}.Debug|Any CPU.ActiveCfg = Debug|Any CPU
		{93B99834-80F9-4EE1-AEDB-D4D0A614CB15}.Debug|Any CPU.Build.0 = Debug|Any CPU
		{93B99834-80F9-4EE1-AEDB-D4D0A614CB15}.Release|Any CPU.ActiveCfg = Release|Any CPU
		{93B99834-80F9-4EE1-AEDB-D4D0A614CB15}.Release|Any CPU.Build.0 = Release|Any CPU
	EndGlobalSection
	GlobalSection(SolutionProperties) = preSolution
		HideSolutionNode = FALSE
	EndGlobalSection
	GlobalSection(ExtensibilityGlobals) = postSolution
		SolutionGuid = {D5F6D5E5-8B53-4D63-AFD3-536125BAE78A}
	EndGlobalSection
EndGlobal
